
Microsoft Visual Studio Solution File, Format Version 12.00
# Visual Studio Version 17
VisualStudioVersion = 17.2.32630.192
MinimumVisualStudioVersion = 10.0.40219.1
Project("{8BC9CEB8-8B4A-11D0-8D11-00A0C91BC942}") = "Project16", "Project16\Project16.vcxproj", "{D59ED1B2-5511-486C-8F5A-01460B9D79F4}"
EndProject
Global
	GlobalSection(SolutionConfigurationPlatforms) = preSolution
		Debug|x64 = Debug|x64
		Debug|x86 = Debug|x86
		Release|x64 = Release|x64
		Release|x86 = Release|x86
	EndGlobalSection
	GlobalSection(ProjectConfigurationPlatforms) = postSolution
		{D59ED1B2-5511-486C-8F5A-01460B9D79F4}.Debug|x64.ActiveCfg = Debug|x64
		{D59ED1B2-5511-486C-8F5A-01460B9D79F4}.Debug|x64.Build.0 = Debug|x64
		{D59ED1B2-5511-486C-8F5A-01460B9D79F4}.Debug|x86.ActiveCfg = Debug|Win32
		{D59ED1B2-5511-486C-8F5A-01460B9D79F4}.Debug|x86.Build.0 = Debug|Win32
		{D59ED1B2-5511-486C-8F5A-01460B9D79F4}.Release|x64.ActiveCfg = Release|x64
		{D59ED1B2-5511-486C-8F5A-01460B9D79F4}.Release|x64.Build.0 = Release|x64
		{D59ED1B2-5511-486C-8F5A-01460B9D79F4}.Release|x86.ActiveCfg = Release|Win32
		{D59ED1B2-5511-486C-8F5A-01460B9D79F4}.Release|x86.Build.0 = Release|Win32
	EndGlobalSection
	GlobalSection(SolutionProperties) = preSolution
		HideSolutionNode = FALSE
	EndGlobalSection
	GlobalSection(ExtensibilityGlobals) = postSolution
		SolutionGuid = {92EDF52D-8080-4079-B3B4-4E7C4229D394}
	EndGlobalSection
EndGlobal
