
Microsoft Visual Studio Solution File, Format Version 12.00
# Visual Studio Version 17
VisualStudioVersion = 17.2.32630.192
MinimumVisualStudioVersion = 10.0.40219.1
Project("{8BC9CEB8-8B4A-11D0-8D11-00A0C91BC942}") = "Project35", "Project35\Project35.vcxproj", "{6BCBA04E-7DAA-498E-B53B-20954A05AB51}"
EndProject
Global
	GlobalSection(SolutionConfigurationPlatforms) = preSolution
		Debug|x64 = Debug|x64
		Debug|x86 = Debug|x86
		Release|x64 = Release|x64
		Release|x86 = Release|x86
	EndGlobalSection
	GlobalSection(ProjectConfigurationPlatforms) = postSolution
		{6BCBA04E-7DAA-498E-B53B-20954A05AB51}.Debug|x64.ActiveCfg = Debug|x64
		{6BCBA04E-7DAA-498E-B53B-20954A05AB51}.Debug|x64.Build.0 = Debug|x64
		{6BCBA04E-7DAA-498E-B53B-20954A05AB51}.Debug|x86.ActiveCfg = Debug|Win32
		{6BCBA04E-7DAA-498E-B53B-20954A05AB51}.Debug|x86.Build.0 = Debug|Win32
		{6BCBA04E-7DAA-498E-B53B-20954A05AB51}.Release|x64.ActiveCfg = Release|x64
		{6BCBA04E-7DAA-498E-B53B-20954A05AB51}.Release|x64.Build.0 = Release|x64
		{6BCBA04E-7DAA-498E-B53B-20954A05AB51}.Release|x86.ActiveCfg = Release|Win32
		{6BCBA04E-7DAA-498E-B53B-20954A05AB51}.Release|x86.Build.0 = Release|Win32
	EndGlobalSection
	GlobalSection(SolutionProperties) = preSolution
		HideSolutionNode = FALSE
	EndGlobalSection
	GlobalSection(ExtensibilityGlobals) = postSolution
		SolutionGuid = {80B43D04-CF62-496B-A6F9-D2AB48B8795B}
	EndGlobalSection
EndGlobal
