
Microsoft Visual Studio Solution File, Format Version 12.00
# Visual Studio Version 17
VisualStudioVersion = 17.2.32630.192
MinimumVisualStudioVersion = 10.0.40219.1
Project("{8BC9CEB8-8B4A-11D0-8D11-00A0C91BC942}") = "Project29", "Project29\Project29.vcxproj", "{F17B2DDD-EA40-4C48-BC0A-F1691F94F683}"
EndProject
Global
	GlobalSection(SolutionConfigurationPlatforms) = preSolution
		Debug|x64 = Debug|x64
		Debug|x86 = Debug|x86
		Release|x64 = Release|x64
		Release|x86 = Release|x86
	EndGlobalSection
	GlobalSection(ProjectConfigurationPlatforms) = postSolution
		{F17B2DDD-EA40-4C48-BC0A-F1691F94F683}.Debug|x64.ActiveCfg = Debug|x64
		{F17B2DDD-EA40-4C48-BC0A-F1691F94F683}.Debug|x64.Build.0 = Debug|x64
		{F17B2DDD-EA40-4C48-BC0A-F1691F94F683}.Debug|x86.ActiveCfg = Debug|Win32
		{F17B2DDD-EA40-4C48-BC0A-F1691F94F683}.Debug|x86.Build.0 = Debug|Win32
		{F17B2DDD-EA40-4C48-BC0A-F1691F94F683}.Release|x64.ActiveCfg = Release|x64
		{F17B2DDD-EA40-4C48-BC0A-F1691F94F683}.Release|x64.Build.0 = Release|x64
		{F17B2DDD-EA40-4C48-BC0A-F1691F94F683}.Release|x86.ActiveCfg = Release|Win32
		{F17B2DDD-EA40-4C48-BC0A-F1691F94F683}.Release|x86.Build.0 = Release|Win32
	EndGlobalSection
	GlobalSection(SolutionProperties) = preSolution
		HideSolutionNode = FALSE
	EndGlobalSection
	GlobalSection(ExtensibilityGlobals) = postSolution
		SolutionGuid = {D5D952AD-B259-4F23-A30F-623DFD0F8C60}
	EndGlobalSection
EndGlobal
